# THIS IS AN AUTOGENERATED FILE. DO NOT EDIT THIS FILE DIRECTLY.
# yarn lockfile v1


"@react-native-community/async-storage@^1.6.2":
  version "1.6.2"
  resolved "https://registry.npm.taobao.org/@react-native-community/async-storage/download/@react-native-community/async-storage-1.6.2.tgz#a19ca7149c4dfe8216f2330e6b1ebfe2d075ef92"
  integrity sha1-oZynFJxN/oIW8jMOax6/4tB175I=
